
Microsoft Visual Studio Solution File, Format Version 12.00
# Visual Studio Version 17
VisualStudioVersion = 17.0.31903.59
MinimumVisualStudioVersion = 10.0.40219.1
Project("{2150E333-8FDC-42A3-9474-1A3956D46DE8}") = "src", "src", "{67ADA04D-91D4-41C4-A7F3-F6E8EAE369BA}"
EndProject
Project("{FAE04EC0-301F-11D3-BF4B-00C04F79EFBC}") = "AuctionService", "src\AuctionService\AuctionService.csproj", "{BE649CD5-68CC-4CAB-BF46-03B3DFB728C1}"
EndProject
Project("{FAE04EC0-301F-11D3-BF4B-00C04F79EFBC}") = "SearchService", "src\SearchService\SearchService.csproj", "{C8A8907E-3736-4369-9939-E4195F6C1B24}"
EndProject
Global
	GlobalSection(SolutionConfigurationPlatforms) = preSolution
		Debug|Any CPU = Debug|Any CPU
		Release|Any CPU = Release|Any CPU
	EndGlobalSection
	GlobalSection(SolutionProperties) = preSolution
		HideSolutionNode = FALSE
	EndGlobalSection
	GlobalSection(ProjectConfigurationPlatforms) = postSolution
		{BE649CD5-68CC-4CAB-BF46-03B3DFB728C1}.Debug|Any CPU.ActiveCfg = Debug|Any CPU
		{BE649CD5-68CC-4CAB-BF46-03B3DFB728C1}.Debug|Any CPU.Build.0 = Debug|Any CPU
		{BE649CD5-68CC-4CAB-BF46-03B3DFB728C1}.Release|Any CPU.ActiveCfg = Release|Any CPU
		{BE649CD5-68CC-4CAB-BF46-03B3DFB728C1}.Release|Any CPU.Build.0 = Release|Any CPU
		{C8A8907E-3736-4369-9939-E4195F6C1B24}.Debug|Any CPU.ActiveCfg = Debug|Any CPU
		{C8A8907E-3736-4369-9939-E4195F6C1B24}.Debug|Any CPU.Build.0 = Debug|Any CPU
		{C8A8907E-3736-4369-9939-E4195F6C1B24}.Release|Any CPU.ActiveCfg = Release|Any CPU
		{C8A8907E-3736-4369-9939-E4195F6C1B24}.Release|Any CPU.Build.0 = Release|Any CPU
	EndGlobalSection
	GlobalSection(NestedProjects) = preSolution
		{BE649CD5-68CC-4CAB-BF46-03B3DFB728C1} = {67ADA04D-91D4-41C4-A7F3-F6E8EAE369BA}
		{C8A8907E-3736-4369-9939-E4195F6C1B24} = {67ADA04D-91D4-41C4-A7F3-F6E8EAE369BA}
	EndGlobalSection
EndGlobal
